
Microsoft Visual Studio Solution File, Format Version 12.00
# Visual Studio Version 17
VisualStudioVersion = 17.14.36203.30 d17.14
MinimumVisualStudioVersion = 10.0.40219.1
Project("{FAE04EC0-301F-11D3-BF4B-00C04F79EFBC}") = "Palindrome_Exercise", "Palindrome_Exercise\Palindrome_Exercise.csproj", "{B3B83B77-5207-4118-9E8E-55D93C938083}"
EndProject
Project("{FAE04EC0-301F-11D3-BF4B-00C04F79EFBC}") = "Palindrome_Excercise_Test", "Palindrome_Excercise_Test\Palindrome_Excercise_Test.csproj", "{76A4B255-98A8-40AC-8122-9D2A3360946D}"
EndProject
Global
	GlobalSection(SolutionConfigurationPlatforms) = preSolution
		Debug|Any CPU = Debug|Any CPU
		Release|Any CPU = Release|Any CPU
	EndGlobalSection
	GlobalSection(ProjectConfigurationPlatforms) = postSolution
		{B3B83B77-5207-4118-9E8E-55D93C938083}.Debug|Any CPU.ActiveCfg = Debug|Any CPU
		{B3B83B77-5207-4118-9E8E-55D93C938083}.Debug|Any CPU.Build.0 = Debug|Any CPU
		{B3B83B77-5207-4118-9E8E-55D93C938083}.Release|Any CPU.ActiveCfg = Release|Any CPU
		{B3B83B77-5207-4118-9E8E-55D93C938083}.Release|Any CPU.Build.0 = Release|Any CPU
		{76A4B255-98A8-40AC-8122-9D2A3360946D}.Debug|Any CPU.ActiveCfg = Debug|Any CPU
		{76A4B255-98A8-40AC-8122-9D2A3360946D}.Debug|Any CPU.Build.0 = Debug|Any CPU
		{76A4B255-98A8-40AC-8122-9D2A3360946D}.Release|Any CPU.ActiveCfg = Release|Any CPU
		{76A4B255-98A8-40AC-8122-9D2A3360946D}.Release|Any CPU.Build.0 = Release|Any CPU
	EndGlobalSection
	GlobalSection(SolutionProperties) = preSolution
		HideSolutionNode = FALSE
	EndGlobalSection
	GlobalSection(ExtensibilityGlobals) = postSolution
		SolutionGuid = {F1F9B600-1489-41AC-9307-2EB02D4C9B2F}
	EndGlobalSection
EndGlobal
